github.com/Azure/azure-sdk-for-go/sdk/azcore v1.9.1/go.mod h1:RKUqNu35KJYcVG/fqTRqmuXJZYNhYkBrnC/hX7yGbTA=
github.com/Azure/azure-sdk-for-go/sdk/azcore v1.9.2/go.mod h1:5FDJtLEO/GxwNgUxbwrY3LP0pEoThTQJtk2oysdXHxM=
github.com/sendgrid/sendgrid-go v3.11.1+incompatible/go.mod h1:QRQt+LX/NmgVEvmdRw0VT/QgUn499+iza2FnDca9fg8=
github.com/sendgrid/sendgrid-go v3.14.0+incompatible/go.mod h1:QRQt+LX/NmgVEvmdRw0VT/QgUn499+iza2FnDca9fg8=
